
Microsoft Visual Studio Solution File, Format Version 12.00
# Visual Studio Version 17
VisualStudioVersion = 17.8.34330.188
MinimumVisualStudioVersion = 10.0.40219.1
Project("{FAE04EC0-301F-11D3-BF4B-00C04F79EFBC}") = "Opinion Survey", "Opinion Survey\Opinion Survey.csproj", "{F52A3AE7-0C76-4920-999B-A1F7650B9C50}"
EndProject
Global
	GlobalSection(SolutionConfigurationPlatforms) = preSolution
		Debug|Any CPU = Debug|Any CPU
		Release|Any CPU = Release|Any CPU
	EndGlobalSection
	GlobalSection(ProjectConfigurationPlatforms) = postSolution
		{F52A3AE7-0C76-4920-999B-A1F7650B9C50}.Debug|Any CPU.ActiveCfg = Debug|Any CPU
		{F52A3AE7-0C76-4920-999B-A1F7650B9C50}.Debug|Any CPU.Build.0 = Debug|Any CPU
		{F52A3AE7-0C76-4920-999B-A1F7650B9C50}.Release|Any CPU.ActiveCfg = Release|Any CPU
		{F52A3AE7-0C76-4920-999B-A1F7650B9C50}.Release|Any CPU.Build.0 = Release|Any CPU
	EndGlobalSection
	GlobalSection(SolutionProperties) = preSolution
		HideSolutionNode = FALSE
	EndGlobalSection
	GlobalSection(ExtensibilityGlobals) = postSolution
		SolutionGuid = {663BC767-1EC6-46D3-9A0B-6953D0062517}
	EndGlobalSection
EndGlobal
